
Microsoft Visual Studio Solution File, Format Version 12.00
# Visual Studio Version 17
VisualStudioVersion = 17.5.002.0
MinimumVisualStudioVersion = 10.0.40219.1
Project("{9A19103F-16F7-4668-BE54-9A1E7A4F7556}") = "ManipulandoValores", "ManipulandoValores.csproj", "{5048ACAB-12EF-4689-8D4A-6847421DFB62}"
EndProject
Global
	GlobalSection(SolutionConfigurationPlatforms) = preSolution
		Debug|Any CPU = Debug|Any CPU
		Release|Any CPU = Release|Any CPU
	EndGlobalSection
	GlobalSection(ProjectConfigurationPlatforms) = postSolution
		{5048ACAB-12EF-4689-8D4A-6847421DFB62}.Debug|Any CPU.ActiveCfg = Debug|Any CPU
		{5048ACAB-12EF-4689-8D4A-6847421DFB62}.Debug|Any CPU.Build.0 = Debug|Any CPU
		{5048ACAB-12EF-4689-8D4A-6847421DFB62}.Release|Any CPU.ActiveCfg = Release|Any CPU
		{5048ACAB-12EF-4689-8D4A-6847421DFB62}.Release|Any CPU.Build.0 = Release|Any CPU
	EndGlobalSection
	GlobalSection(SolutionProperties) = preSolution
		HideSolutionNode = FALSE
	EndGlobalSection
	GlobalSection(ExtensibilityGlobals) = postSolution
		SolutionGuid = {D89F38F5-CA6B-4E74-82E9-5BA06C707A21}
	EndGlobalSection
EndGlobal
